github.com/elastic/elastic-transport-go/v8 v8.1.0 h1:NeqEz1ty4RQz+TVbUrpSU7pZ48XkzGWQj02k5koahIE=
github.com/elastic/elastic-transport-go/v8 v8.1.0/go.mod h1:87Tcz8IVNe6rVSLdBux1o/PEItLtyabHU3naC7IoqKI=
github.com/elastic/go-elasticsearch/v8 v8.1.0 h1:6TLhYoes04FRK83GakeuMsOQsx1qRwXdP/LF1nxfx1U=
github.com/elastic/go-elasticsearch/v8 v8.1.0/go.mod h1:yY52i2Vj0unLz+N3Nwx1gM5LXwoj3h2dgptNGBYkMLA=
github.com/tidwall/gjson v1.14.1 h1:iymTbGkQBhveq21bEvAQ81I0LEBork8BFe1CUZXdyuo=
github.com/tidwall/gjson v1.14.1/go.mod h1:/wbyibRr2FHMks5tjHJ5F8dMZh3AcwJEMf5vlfC0lxk=
github.com/tidwall/match v1.1.1 h1:+Ho715JplO36QYgwN9PGYNhgZvoUSc9X2c80KVTi+GA=
github.com/tidwall/match v1.1.1/go.mod h1:eRSPERbgtNPcGhD8UCthc6PmLEQXEWd3PRB5JTxsfmM=
github.com/tidwall/pretty v1.2.0 h1:RWIZEg2iJ8/g6fDDYzMpobmaoGh5OLl4AXtGUGPcqCs=
github.com/tidwall/pretty v1.2.0/go.mod h1:ITEVvHYasfjBbM0u2Pg8T2nJnzm8xPwvNhhsoaGGjNU=
